{
  "name": "secretk",
  "version": "unspecified",
  "lockfileVersion": 3,
  "requires": true,
  "packages": {
    "": {
      "name": "secretk",
      "version": "unspecified",
      "workspaces": [
        "packages/secretk-client",
        "packages/secretk-client-test",
        "packages/secretk-cosmwasm-std-types",
        "packages/secretk-cosmwasm-std-types-test",
        "packages/secretk-secret-std-msgs",
        "packages/secretk-secret-std-msgs-test",
        "packages/secretk-secret-std-types",
        "packages/secretk-secret-std-types-test",
        "packages_imported/ktor-ktor-client-core/3.4.0",
        "packages_imported/Kotlin-DateTime-library-kotlinx-datetime-wasm-js/0.7.1-0.6.x-compat"
      ],
      "devDependencies": {}
    },
    "node_modules/@js-joda/core": {
      "version": "3.2.0",
      "resolved": "https://registry.npmjs.org/@js-joda/core/-/core-3.2.0.tgz",
      "integrity": "sha512-PMqgJ0sw5B7FKb2d5bWYIoxjri+QlW/Pys7+Rw82jSH0QN3rB05jZ/VrrsUdh1w4+i2kw9JOejXGq/KhDOX7Kg=="
    },
    "node_modules/Kotlin-DateTime-library-kotlinx-datetime-wasm-js": {
      "resolved": "packages_imported/Kotlin-DateTime-library-kotlinx-datetime-wasm-js/0.7.1-0.6.x-compat",
      "link": true
    },
    "node_modules/ktor-ktor-client-core": {
      "resolved": "packages_imported/ktor-ktor-client-core/3.4.0",
      "link": true
    },
    "node_modules/secretk-client": {
      "resolved": "packages/secretk-client",
      "link": true
    },
    "node_modules/secretk-client-test": {
      "resolved": "packages/secretk-client-test",
      "link": true
    },
    "node_modules/secretk-cosmwasm-std-types": {
      "resolved": "packages/secretk-cosmwasm-std-types",
      "link": true
    },
    "node_modules/secretk-cosmwasm-std-types-test": {
      "resolved": "packages/secretk-cosmwasm-std-types-test",
      "link": true
    },
    "node_modules/secretk-secret-std-msgs": {
      "resolved": "packages/secretk-secret-std-msgs",
      "link": true
    },
    "node_modules/secretk-secret-std-msgs-test": {
      "resolved": "packages/secretk-secret-std-msgs-test",
      "link": true
    },
    "node_modules/secretk-secret-std-types": {
      "resolved": "packages/secretk-secret-std-types",
      "link": true
    },
    "node_modules/secretk-secret-std-types-test": {
      "resolved": "packages/secretk-secret-std-types-test",
      "link": true
    },
    "node_modules/ws": {
      "version": "8.18.3",
      "resolved": "https://registry.npmjs.org/ws/-/ws-8.18.3.tgz",
      "integrity": "sha512-PEIGCY5tSlUt50cqyMXfCzX+oOPqN0vuGqWzbcJ2xvnkzkq46oOpz7dQaTDBdfICb4N14+GARUDw2XV2N4tvzg==",
      "engines": {
        "node": ">=10.0.0"
      },
      "peerDependencies": {
        "bufferutil": "^4.0.1",
        "utf-8-validate": ">=5.0.2"
      },
      "peerDependenciesMeta": {
        "bufferutil": {
          "optional": true
        },
        "utf-8-validate": {
          "optional": true
        }
      }
    },
    "packages_imported/Kotlin-DateTime-library-kotlinx-datetime-wasm-js/0.7.1-0.6.x-compat": {
      "name": "Kotlin-DateTime-library-kotlinx-datetime-wasm-js",
      "version": "0.7.1-0.6.x-compat",
      "dependencies": {
        "@js-joda/core": "3.2.0"
      },
      "devDependencies": {}
    },
    "packages_imported/ktor-ktor-client-core/3.3.0": {
      "name": "ktor-ktor-client-core",
      "version": "3.3.0",
      "extraneous": true,
      "dependencies": {
        "ws": "8.18.3"
      },
      "devDependencies": {}
    },
    "packages_imported/ktor-ktor-client-core/3.4.0": {
      "name": "ktor-ktor-client-core",
      "version": "3.4.0",
      "dependencies": {
        "ws": "8.18.3"
      },
      "devDependencies": {}
    },
    "packages/secretk-client": {
      "version": "7.0.0",
      "dependencies": {
        "ws": "8.18.3"
      },
      "devDependencies": {}
    },
    "packages/secretk-client-test": {
      "version": "7.0.0",
      "dependencies": {
        "@js-joda/core": "3.2.0",
        "ws": "8.18.3"
      },
      "devDependencies": {}
    },
    "packages/secretk-cosmwasm-std-types": {
      "version": "7.0.0",
      "devDependencies": {}
    },
    "packages/secretk-cosmwasm-std-types-test": {
      "version": "7.0.0",
      "devDependencies": {}
    },
    "packages/secretk-secret-std-msgs": {
      "version": "7.0.0",
      "devDependencies": {}
    },
    "packages/secretk-secret-std-msgs-test": {
      "version": "7.0.0",
      "devDependencies": {}
    },
    "packages/secretk-secret-std-types": {
      "version": "7.0.0",
      "devDependencies": {}
    },
    "packages/secretk-secret-std-types-test": {
      "version": "7.0.0",
      "devDependencies": {}
    }
  }
}
